{
  "object": {
    "pins": [
      {
        "package": "Fluxor",
        "repositoryURL": "https://github.com/FluxorOrg/Fluxor",
        "state": {
          "branch": null,
          "revision": "f15306d661b26a568651a179e583c0e8f6033add",
          "version": "4.0.0"
        }
      }
    ]
  },
  "version": 1
}
