{
  "object": {
    "pins": [
      {
        "package": "Fluxor",
        "repositoryURL": "https://github.com/FluxorOrg/Fluxor",
        "state": {
          "branch": null,
          "revision": "1d20b74287f629c6187db11d7905988fb65a3e0d",
          "version": "5.0.1"
        }
      }
    ]
  },
  "version": 1
}
